
Microsoft Visual Studio Solution File, Format Version 12.00
# Visual Studio Version 17
VisualStudioVersion = 17.14.36518.9 d17.14
MinimumVisualStudioVersion = 10.0.40219.1
Project("{8BC9CEB8-8B4A-11D0-8D11-00A0C91BC942}") = "HonGong", "HonGong.vcxproj", "{97E7D61D-4206-4147-8BDD-BE2E6682CCD2}"
EndProject
Global
	GlobalSection(SolutionConfigurationPlatforms) = preSolution
		Debug|x64 = Debug|x64
		Debug|x86 = Debug|x86
		Release|x64 = Release|x64
		Release|x86 = Release|x86
	EndGlobalSection
	GlobalSection(ProjectConfigurationPlatforms) = postSolution
		{97E7D61D-4206-4147-8BDD-BE2E6682CCD2}.Debug|x64.ActiveCfg = Debug|x64
		{97E7D61D-4206-4147-8BDD-BE2E6682CCD2}.Debug|x64.Build.0 = Debug|x64
		{97E7D61D-4206-4147-8BDD-BE2E6682CCD2}.Debug|x86.ActiveCfg = Debug|Win32
		{97E7D61D-4206-4147-8BDD-BE2E6682CCD2}.Debug|x86.Build.0 = Debug|Win32
		{97E7D61D-4206-4147-8BDD-BE2E6682CCD2}.Release|x64.ActiveCfg = Release|x64
		{97E7D61D-4206-4147-8BDD-BE2E6682CCD2}.Release|x64.Build.0 = Release|x64
		{97E7D61D-4206-4147-8BDD-BE2E6682CCD2}.Release|x86.ActiveCfg = Release|Win32
		{97E7D61D-4206-4147-8BDD-BE2E6682CCD2}.Release|x86.Build.0 = Release|Win32
	EndGlobalSection
	GlobalSection(SolutionProperties) = preSolution
		HideSolutionNode = FALSE
	EndGlobalSection
	GlobalSection(ExtensibilityGlobals) = postSolution
		SolutionGuid = {84D81A71-6A27-4DF9-851D-E6AC65E4104B}
	EndGlobalSection
EndGlobal
